# THIS IS AN AUTOGENERATED FILE. DO NOT EDIT THIS FILE DIRECTLY.
# yarn lockfile v1


goober@^2.1.10:
  version "2.1.11"
  resolved "https://registry.yarnpkg.com/goober/-/goober-2.1.11.tgz#bbd71f90d2df725397340f808dbe7acc3118e610"
  integrity sha512-5SS2lmxbhqH0u9ABEWq7WPU69a4i2pYcHeCxqaNq6Cw3mnrF0ghWNM4tEGid4dKy8XNIAUbuThuozDHHKJVh3A==

husky@^8.0.1:
  version "8.0.1"
  resolved "https://registry.yarnpkg.com/husky/-/husky-8.0.1.tgz#511cb3e57de3e3190514ae49ed50f6bc3f50b3e9"
  integrity sha512-xs7/chUH/CKdOCs7Zy0Aev9e/dKOMZf3K1Az1nar3tzlv0jfqnYtu235bstsWTmXOR0EfINrPa97yy4Lz6RiKw==

react-hot-toast@^2.4.0:
  version "2.4.0"
  resolved "https://registry.yarnpkg.com/react-hot-toast/-/react-hot-toast-2.4.0.tgz#b91e7a4c1b6e3068fc599d3d83b4fb48668ae51d"
  integrity sha512-qnnVbXropKuwUpriVVosgo8QrB+IaPJCpL8oBI6Ov84uvHZ5QQcTp2qg6ku2wNfgJl6rlQXJIQU5q+5lmPOutA==
  dependencies:
    goober "^2.1.10"
